{
  "name": "geometry-data",
  "version": "1.0.0",
  "lockfileVersion": 2,
  "requires": true,
  "packages": {
    "": {
      "name": "geometry-data",
      "version": "1.0.0",
      "license": "ISC",
      "dependencies": {
        "geometry-data": "github:ProCoda/geometry-data"
      }
    },
    "node_modules/geometry-data": {
      "version": "1.0.0",
      "resolved": "git+ssh://git@github.com/ProCoda/geometry-data.git#8d9c04954a12277909175952c21afaf74557d3b5",
      "license": "ISC"
    }
  },
  "dependencies": {
    "geometry-data": {
      "version": "git+ssh://git@github.com/ProCoda/geometry-data.git#8d9c04954a12277909175952c21afaf74557d3b5",
      "from": "geometry-data@https://github.com/ProCoda/geometry-data"
    }
  }
}
